Microsoft Visual Studio Solution File, Format Version 12.00
# Visual Studio Version 17
VisualStudioVersion = 17.5.2.0
MinimumVisualStudioVersion = 10.0.40219.1
Project("{FAE04EC0-301F-11D3-BF4B-00C04F79EFBC}") = "DoctorDashboardApp", "DoctorDashboardApp.csproj", "{BED08AE3-BF61-73F5-CD55-332ED2529C9C}"
EndProject
Global
	GlobalSection(SolutionConfigurationPlatforms) = preSolution
		Debug|Any CPU = Debug|Any CPU
		Release|Any CPU = Release|Any CPU
	EndGlobalSection
	GlobalSection(ProjectConfigurationPlatforms) = postSolution
		{BED08AE3-BF61-73F5-CD55-332ED2529C9C}.Debug|Any CPU.ActiveCfg = Debug|Any CPU
		{BED08AE3-BF61-73F5-CD55-332ED2529C9C}.Debug|Any CPU.Build.0 = Debug|Any CPU
		{BED08AE3-BF61-73F5-CD55-332ED2529C9C}.Release|Any CPU.ActiveCfg = Release|Any CPU
		{BED08AE3-BF61-73F5-CD55-332ED2529C9C}.Release|Any CPU.Build.0 = Release|Any CPU
	EndGlobalSection
	GlobalSection(SolutionProperties) = preSolution
		HideSolutionNode = FALSE
	EndGlobalSection
	GlobalSection(ExtensibilityGlobals) = postSolution
		SolutionGuid = {D68CD0BD-4D4E-48AB-A87E-0098A4E3CDEA}
	EndGlobalSection
EndGlobal
